
Microsoft Visual Studio Solution File, Format Version 12.00
# Visual Studio Version 16
VisualStudioVersion = 16.0.31019.35
MinimumVisualStudioVersion = 10.0.40219.1
Project("{9A19103F-16F7-4668-BE54-9A1E7A4F7556}") = "CaptureInputDotNet", "CaptureInputDotNet\CaptureInputDotNet.csproj", "{25218D46-F91D-40F3-8816-4DED4283C974}"
EndProject
Project("{8BC9CEB8-8B4A-11D0-8D11-00A0C91BC942}") = "CaptureInput", "CaptureInput\CaptureInput.vcxproj", "{BB8EEFA3-13FA-4287-8BB4-114386545A3D}"
EndProject
Project("{9A19103F-16F7-4668-BE54-9A1E7A4F7556}") = "InputTracker", "InputTracker\InputTracker.csproj", "{08F2E826-4C48-4A4D-80DA-CE483AF402DE}"
EndProject
Global
	GlobalSection(SolutionConfigurationPlatforms) = preSolution
		Debug|Any CPU = Debug|Any CPU
		Debug|x64 = Debug|x64
		Debug|x86 = Debug|x86
		Release|Any CPU = Release|Any CPU
		Release|x64 = Release|x64
		Release|x86 = Release|x86
	EndGlobalSection
	GlobalSection(ProjectConfigurationPlatforms) = postSolution
		{25218D46-F91D-40F3-8816-4DED4283C974}.Debug|Any CPU.ActiveCfg = Debug|Any CPU
		{25218D46-F91D-40F3-8816-4DED4283C974}.Debug|Any CPU.Build.0 = Debug|Any CPU
		{25218D46-F91D-40F3-8816-4DED4283C974}.Debug|x64.ActiveCfg = Debug|Any CPU
		{25218D46-F91D-40F3-8816-4DED4283C974}.Debug|x64.Build.0 = Debug|Any CPU
		{25218D46-F91D-40F3-8816-4DED4283C974}.Debug|x86.ActiveCfg = Debug|Any CPU
		{25218D46-F91D-40F3-8816-4DED4283C974}.Debug|x86.Build.0 = Debug|Any CPU
		{25218D46-F91D-40F3-8816-4DED4283C974}.Release|Any CPU.ActiveCfg = Release|Any CPU
		{25218D46-F91D-40F3-8816-4DED4283C974}.Release|Any CPU.Build.0 = Release|Any CPU
		{25218D46-F91D-40F3-8816-4DED4283C974}.Release|x64.ActiveCfg = Release|Any CPU
		{25218D46-F91D-40F3-8816-4DED4283C974}.Release|x64.Build.0 = Release|Any CPU
		{25218D46-F91D-40F3-8816-4DED4283C974}.Release|x86.ActiveCfg = Release|Any CPU
		{25218D46-F91D-40F3-8816-4DED4283C974}.Release|x86.Build.0 = Release|Any CPU
		{BB8EEFA3-13FA-4287-8BB4-114386545A3D}.Debug|Any CPU.ActiveCfg = Debug|x64
		{BB8EEFA3-13FA-4287-8BB4-114386545A3D}.Debug|Any CPU.Build.0 = Debug|x64
		{BB8EEFA3-13FA-4287-8BB4-114386545A3D}.Debug|x64.ActiveCfg = Debug|x64
		{BB8EEFA3-13FA-4287-8BB4-114386545A3D}.Debug|x64.Build.0 = Debug|x64
		{BB8EEFA3-13FA-4287-8BB4-114386545A3D}.Debug|x86.ActiveCfg = Debug|Win32
		{BB8EEFA3-13FA-4287-8BB4-114386545A3D}.Debug|x86.Build.0 = Debug|Win32
		{BB8EEFA3-13FA-4287-8BB4-114386545A3D}.Release|Any CPU.ActiveCfg = Release|Win32
		{BB8EEFA3-13FA-4287-8BB4-114386545A3D}.Release|x64.ActiveCfg = Release|x64
		{BB8EEFA3-13FA-4287-8BB4-114386545A3D}.Release|x64.Build.0 = Release|x64
		{BB8EEFA3-13FA-4287-8BB4-114386545A3D}.Release|x86.ActiveCfg = Release|Win32
		{BB8EEFA3-13FA-4287-8BB4-114386545A3D}.Release|x86.Build.0 = Release|Win32
		{08F2E826-4C48-4A4D-80DA-CE483AF402DE}.Debug|Any CPU.ActiveCfg = Debug|Any CPU
		{08F2E826-4C48-4A4D-80DA-CE483AF402DE}.Debug|Any CPU.Build.0 = Debug|Any CPU
		{08F2E826-4C48-4A4D-80DA-CE483AF402DE}.Debug|x64.ActiveCfg = Debug|Any CPU
		{08F2E826-4C48-4A4D-80DA-CE483AF402DE}.Debug|x64.Build.0 = Debug|Any CPU
		{08F2E826-4C48-4A4D-80DA-CE483AF402DE}.Debug|x86.ActiveCfg = Debug|Any CPU
		{08F2E826-4C48-4A4D-80DA-CE483AF402DE}.Debug|x86.Build.0 = Debug|Any CPU
		{08F2E826-4C48-4A4D-80DA-CE483AF402DE}.Release|Any CPU.ActiveCfg = Release|Any CPU
		{08F2E826-4C48-4A4D-80DA-CE483AF402DE}.Release|Any CPU.Build.0 = Release|Any CPU
		{08F2E826-4C48-4A4D-80DA-CE483AF402DE}.Release|x64.ActiveCfg = Release|Any CPU
		{08F2E826-4C48-4A4D-80DA-CE483AF402DE}.Release|x64.Build.0 = Release|Any CPU
		{08F2E826-4C48-4A4D-80DA-CE483AF402DE}.Release|x86.ActiveCfg = Release|Any CPU
		{08F2E826-4C48-4A4D-80DA-CE483AF402DE}.Release|x86.Build.0 = Release|Any CPU
	EndGlobalSection
	GlobalSection(SolutionProperties) = preSolution
		HideSolutionNode = FALSE
	EndGlobalSection
	GlobalSection(ExtensibilityGlobals) = postSolution
		SolutionGuid = {9419179C-A1CD-4FEB-BB2A-E60D4BC1A3BC}
	EndGlobalSection
EndGlobal
